
Microsoft Visual Studio Solution File, Format Version 12.00
# Visual Studio Version 17
VisualStudioVersion = 17.8.34316.72
MinimumVisualStudioVersion = 10.0.40219.1
Project("{8BC9CEB8-8B4A-11D0-8D11-00A0C91BC942}") = "quanlytrasua", "quanlytrasua\quanlytrasua.vcxproj", "{B27153B7-03F3-43C1-B5AB-64245F3CDB4A}"
EndProject
Global
	GlobalSection(SolutionConfigurationPlatforms) = preSolution
		Debug|x64 = Debug|x64
		Debug|x86 = Debug|x86
		Release|x64 = Release|x64
		Release|x86 = Release|x86
	EndGlobalSection
	GlobalSection(ProjectConfigurationPlatforms) = postSolution
		{B27153B7-03F3-43C1-B5AB-64245F3CDB4A}.Debug|x64.ActiveCfg = Debug|x64
		{B27153B7-03F3-43C1-B5AB-64245F3CDB4A}.Debug|x64.Build.0 = Debug|x64
		{B27153B7-03F3-43C1-B5AB-64245F3CDB4A}.Debug|x86.ActiveCfg = Debug|Win32
		{B27153B7-03F3-43C1-B5AB-64245F3CDB4A}.Debug|x86.Build.0 = Debug|Win32
		{B27153B7-03F3-43C1-B5AB-64245F3CDB4A}.Release|x64.ActiveCfg = Release|x64
		{B27153B7-03F3-43C1-B5AB-64245F3CDB4A}.Release|x64.Build.0 = Release|x64
		{B27153B7-03F3-43C1-B5AB-64245F3CDB4A}.Release|x86.ActiveCfg = Release|Win32
		{B27153B7-03F3-43C1-B5AB-64245F3CDB4A}.Release|x86.Build.0 = Release|Win32
	EndGlobalSection
	GlobalSection(SolutionProperties) = preSolution
		HideSolutionNode = FALSE
	EndGlobalSection
	GlobalSection(ExtensibilityGlobals) = postSolution
		SolutionGuid = {869F42AF-FFB5-4DFE-8652-DAB101BA6DA8}
	EndGlobalSection
EndGlobal
